
Microsoft Visual Studio Solution File, Format Version 12.00
# Visual Studio Version 17
VisualStudioVersion = 17.4.33213.308
MinimumVisualStudioVersion = 10.0.40219.1
Project("{FAE04EC0-301F-11D3-BF4B-00C04F79EFBC}") = "DeserializeJson", "DeserializeJson\DeserializeJson.csproj", "{DB151754-DC76-4F49-9590-E7E2A7D87E59}"
EndProject
Global
	GlobalSection(SolutionConfigurationPlatforms) = preSolution
		Debug|Any CPU = Debug|Any CPU
		Release|Any CPU = Release|Any CPU
	EndGlobalSection
	GlobalSection(ProjectConfigurationPlatforms) = postSolution
		{DB151754-DC76-4F49-9590-E7E2A7D87E59}.Debug|Any CPU.ActiveCfg = Debug|Any CPU
		{DB151754-DC76-4F49-9590-E7E2A7D87E59}.Debug|Any CPU.Build.0 = Debug|Any CPU
		{DB151754-DC76-4F49-9590-E7E2A7D87E59}.Release|Any CPU.ActiveCfg = Release|Any CPU
		{DB151754-DC76-4F49-9590-E7E2A7D87E59}.Release|Any CPU.Build.0 = Release|Any CPU
	EndGlobalSection
	GlobalSection(SolutionProperties) = preSolution
		HideSolutionNode = FALSE
	EndGlobalSection
	GlobalSection(ExtensibilityGlobals) = postSolution
		SolutionGuid = {D43AF079-BAD9-41A7-A62E-713E1D1F2411}
	EndGlobalSection
EndGlobal
